
Microsoft Visual Studio Solution File, Format Version 12.00
# Visual Studio Version 17
VisualStudioVersion = 17.9.34607.119
MinimumVisualStudioVersion = 10.0.40219.1
Project("{9A19103F-16F7-4668-BE54-9A1E7A4F7556}") = "Domain", "src\Domain\Domain.csproj", "{4C070D85-70E1-40E9-8A1D-E120617EAB5D}"
EndProject
Project("{9A19103F-16F7-4668-BE54-9A1E7A4F7556}") = "ConsoleApp", "src\Console\ConsoleApp.csproj", "{78416789-AB1B-4631-9F04-13B8834DACB7}"
EndProject
Project("{FAE04EC0-301F-11D3-BF4B-00C04F79EFBC}") = "SharedKernel", "src\SharedKernel\SharedKernel.csproj", "{A40DF07B-9D6E-43A9-9B33-ABA8A2B8352C}"
EndProject
Global
	GlobalSection(SolutionConfigurationPlatforms) = preSolution
		Debug|Any CPU = Debug|Any CPU
		Release|Any CPU = Release|Any CPU
	EndGlobalSection
	GlobalSection(ProjectConfigurationPlatforms) = postSolution
		{4C070D85-70E1-40E9-8A1D-E120617EAB5D}.Debug|Any CPU.ActiveCfg = Debug|Any CPU
		{4C070D85-70E1-40E9-8A1D-E120617EAB5D}.Debug|Any CPU.Build.0 = Debug|Any CPU
		{4C070D85-70E1-40E9-8A1D-E120617EAB5D}.Release|Any CPU.ActiveCfg = Release|Any CPU
		{4C070D85-70E1-40E9-8A1D-E120617EAB5D}.Release|Any CPU.Build.0 = Release|Any CPU
		{78416789-AB1B-4631-9F04-13B8834DACB7}.Debug|Any CPU.ActiveCfg = Debug|Any CPU
		{78416789-AB1B-4631-9F04-13B8834DACB7}.Debug|Any CPU.Build.0 = Debug|Any CPU
		{78416789-AB1B-4631-9F04-13B8834DACB7}.Release|Any CPU.ActiveCfg = Release|Any CPU
		{78416789-AB1B-4631-9F04-13B8834DACB7}.Release|Any CPU.Build.0 = Release|Any CPU
		{A40DF07B-9D6E-43A9-9B33-ABA8A2B8352C}.Debug|Any CPU.ActiveCfg = Debug|Any CPU
		{A40DF07B-9D6E-43A9-9B33-ABA8A2B8352C}.Debug|Any CPU.Build.0 = Debug|Any CPU
		{A40DF07B-9D6E-43A9-9B33-ABA8A2B8352C}.Release|Any CPU.ActiveCfg = Release|Any CPU
		{A40DF07B-9D6E-43A9-9B33-ABA8A2B8352C}.Release|Any CPU.Build.0 = Release|Any CPU
	EndGlobalSection
	GlobalSection(SolutionProperties) = preSolution
		HideSolutionNode = FALSE
	EndGlobalSection
	GlobalSection(ExtensibilityGlobals) = postSolution
		SolutionGuid = {0041B94B-3CE0-49F4-A1F1-4CCCF79B956F}
	EndGlobalSection
EndGlobal
