
Microsoft Visual Studio Solution File, Format Version 12.00
# Visual Studio Version 17
VisualStudioVersion = 17.9.34607.119
MinimumVisualStudioVersion = 10.0.40219.1
Project("{9A19103F-16F7-4668-BE54-9A1E7A4F7556}") = "ChainOfResponsibility", "ChainOfResponsibility\ChainOfResponsibility.csproj", "{D222D705-230C-4911-AA88-A19D0A9CD83A}"
EndProject
Project("{FAE04EC0-301F-11D3-BF4B-00C04F79EFBC}") = "ConsoleApp", "ConsoleApp\ConsoleApp.csproj", "{164B264A-AEAF-4662-9188-C8CCC52A9C75}"
EndProject
Global
	GlobalSection(SolutionConfigurationPlatforms) = preSolution
		Debug|Any CPU = Debug|Any CPU
		Release|Any CPU = Release|Any CPU
	EndGlobalSection
	GlobalSection(ProjectConfigurationPlatforms) = postSolution
		{D222D705-230C-4911-AA88-A19D0A9CD83A}.Debug|Any CPU.ActiveCfg = Debug|Any CPU
		{D222D705-230C-4911-AA88-A19D0A9CD83A}.Debug|Any CPU.Build.0 = Debug|Any CPU
		{D222D705-230C-4911-AA88-A19D0A9CD83A}.Release|Any CPU.ActiveCfg = Release|Any CPU
		{D222D705-230C-4911-AA88-A19D0A9CD83A}.Release|Any CPU.Build.0 = Release|Any CPU
		{164B264A-AEAF-4662-9188-C8CCC52A9C75}.Debug|Any CPU.ActiveCfg = Debug|Any CPU
		{164B264A-AEAF-4662-9188-C8CCC52A9C75}.Debug|Any CPU.Build.0 = Debug|Any CPU
		{164B264A-AEAF-4662-9188-C8CCC52A9C75}.Release|Any CPU.ActiveCfg = Release|Any CPU
		{164B264A-AEAF-4662-9188-C8CCC52A9C75}.Release|Any CPU.Build.0 = Release|Any CPU
	EndGlobalSection
	GlobalSection(SolutionProperties) = preSolution
		HideSolutionNode = FALSE
	EndGlobalSection
	GlobalSection(ExtensibilityGlobals) = postSolution
		SolutionGuid = {F727121A-28BB-4B09-8631-7440F1FA0E0E}
	EndGlobalSection
EndGlobal
